
Microsoft Visual Studio Solution File, Format Version 9.00
# Visual Studio 2005
Project("{8BC9CEB8-8B4A-11D0-8D11-00A0C91BC942}") = "editor", "..\editor\workspace\editor.vcproj", "{E516F2AD-1AD2-4F07-B65C-178180CC05BE}"
	ProjectSection(ProjectDependencies) = postProject
		{E51E797B-E20E-476C-8206-7AA9CF270541} = {E51E797B-E20E-476C-8206-7AA9CF270541}
		{4C263DF5-39CC-4F01-9CC5-23F264196838} = {4C263DF5-39CC-4F01-9CC5-23F264196838}
	EndProjectSection
EndProject
Project("{8BC9CEB8-8B4A-11D0-8D11-00A0C91BC942}") = "keyb3", "..\storm\keyb3\keyb3.vcproj", "{9EE0ADDB-144B-4E3E-BA47-4750214526E2}"
	ProjectSection(ProjectDependencies) = postProject
		{E51E797B-E20E-476C-8206-7AA9CF270541} = {E51E797B-E20E-476C-8206-7AA9CF270541}
	EndProjectSection
EndProject
Project("{8BC9CEB8-8B4A-11D0-8D11-00A0C91BC942}") = "particle_editor", "..\particle_editor2\particle_editor.vcproj", "{8E67D288-FEA9-4C6D-B095-0C6F3725404C}"
	ProjectSection(ProjectDependencies) = postProject
		{E51E797B-E20E-476C-8206-7AA9CF270541} = {E51E797B-E20E-476C-8206-7AA9CF270541}
	EndProjectSection
EndProject
Project("{8BC9CEB8-8B4A-11D0-8D11-00A0C91BC942}") = "scriptdev", "..\util\executables\scriptdev\scriptdev.vcproj", "{4C263DF5-39CC-4F01-9CC5-23F264196838}"
EndProject
Project("{8BC9CEB8-8B4A-11D0-8D11-00A0C91BC942}") = "storm3dv2", "..\storm\storm3dv2\storm3dv2.vcproj", "{E51E797B-E20E-476C-8206-7AA9CF270541}"
EndProject
Project("{8BC9CEB8-8B4A-11D0-8D11-00A0C91BC942}") = "survivor", "survivor.vcproj", "{5C78ED70-84DB-4568-AD42-A5142199F9F5}"
	ProjectSection(ProjectDependencies) = postProject
		{E51E797B-E20E-476C-8206-7AA9CF270541} = {E51E797B-E20E-476C-8206-7AA9CF270541}
		{4C263DF5-39CC-4F01-9CC5-23F264196838} = {4C263DF5-39CC-4F01-9CC5-23F264196838}
		{9EE0ADDB-144B-4E3E-BA47-4750214526E2} = {9EE0ADDB-144B-4E3E-BA47-4750214526E2}
	EndProjectSection
EndProject
Project("{8BC9CEB8-8B4A-11D0-8D11-00A0C91BC942}") = "viewer", "..\editor\workspace\viewer\viewer.vcproj", "{1AF46AE6-AF6B-4F7B-BA1F-2D473A345F57}"
	ProjectSection(ProjectDependencies) = postProject
		{E51E797B-E20E-476C-8206-7AA9CF270541} = {E51E797B-E20E-476C-8206-7AA9CF270541}
	EndProjectSection
EndProject
Global
	GlobalSection(SolutionConfigurationPlatforms) = preSolution
		Debug|Win32 = Debug|Win32
		editor and storm debug|Win32 = editor and storm debug|Win32
		editor debug|Win32 = editor debug|Win32
		editor release|Win32 = editor release|Win32
		Fast|Win32 = Fast|Win32
		Profile|Win32 = Profile|Win32
		Release|Win32 = Release|Win32
		survivor and storm debug|Win32 = survivor and storm debug|Win32
		survivor debug|Win32 = survivor debug|Win32
		survivor release|Win32 = survivor release|Win32
		survivor test|Win32 = survivor test|Win32
		Test|Win32 = Test|Win32
	EndGlobalSection
	GlobalSection(ProjectConfigurationPlatforms) = postSolution
		{E516F2AD-1AD2-4F07-B65C-178180CC05BE}.Debug|Win32.ActiveCfg = Debug|Win32
		{E516F2AD-1AD2-4F07-B65C-178180CC05BE}.Debug|Win32.Build.0 = Debug|Win32
		{E516F2AD-1AD2-4F07-B65C-178180CC05BE}.editor and storm debug|Win32.ActiveCfg = Debug|Win32
		{E516F2AD-1AD2-4F07-B65C-178180CC05BE}.editor and storm debug|Win32.Build.0 = Debug|Win32
		{E516F2AD-1AD2-4F07-B65C-178180CC05BE}.editor debug|Win32.ActiveCfg = Debug|Win32
		{E516F2AD-1AD2-4F07-B65C-178180CC05BE}.editor debug|Win32.Build.0 = Debug|Win32
		{E516F2AD-1AD2-4F07-B65C-178180CC05BE}.editor release|Win32.ActiveCfg = Release|Win32
		{E516F2AD-1AD2-4F07-B65C-178180CC05BE}.editor release|Win32.Build.0 = Release|Win32
		{E516F2AD-1AD2-4F07-B65C-178180CC05BE}.Fast|Win32.ActiveCfg = Debug|Win32
		{E516F2AD-1AD2-4F07-B65C-178180CC05BE}.Fast|Win32.Build.0 = Debug|Win32
		{E516F2AD-1AD2-4F07-B65C-178180CC05BE}.Profile|Win32.ActiveCfg = Profile|Win32
		{E516F2AD-1AD2-4F07-B65C-178180CC05BE}.Profile|Win32.Build.0 = Profile|Win32
		{E516F2AD-1AD2-4F07-B65C-178180CC05BE}.Release|Win32.ActiveCfg = Release|Win32
		{E516F2AD-1AD2-4F07-B65C-178180CC05BE}.Release|Win32.Build.0 = Release|Win32
		{E516F2AD-1AD2-4F07-B65C-178180CC05BE}.survivor and storm debug|Win32.ActiveCfg = Debug|Win32
		{E516F2AD-1AD2-4F07-B65C-178180CC05BE}.survivor debug|Win32.ActiveCfg = Release|Win32
		{E516F2AD-1AD2-4F07-B65C-178180CC05BE}.survivor release|Win32.ActiveCfg = Release|Win32
		{E516F2AD-1AD2-4F07-B65C-178180CC05BE}.survivor release|Win32.Build.0 = Release|Win32
		{E516F2AD-1AD2-4F07-B65C-178180CC05BE}.survivor test|Win32.ActiveCfg = Debug|Win32
		{E516F2AD-1AD2-4F07-B65C-178180CC05BE}.Test|Win32.ActiveCfg = Debug|Win32
		{E516F2AD-1AD2-4F07-B65C-178180CC05BE}.Test|Win32.Build.0 = Debug|Win32
		{9EE0ADDB-144B-4E3E-BA47-4750214526E2}.Debug|Win32.ActiveCfg = Debug|Win32
		{9EE0ADDB-144B-4E3E-BA47-4750214526E2}.Debug|Win32.Build.0 = Debug|Win32
		{9EE0ADDB-144B-4E3E-BA47-4750214526E2}.editor and storm debug|Win32.ActiveCfg = Debug|Win32
		{9EE0ADDB-144B-4E3E-BA47-4750214526E2}.editor debug|Win32.ActiveCfg = Debug|Win32
		{9EE0ADDB-144B-4E3E-BA47-4750214526E2}.editor release|Win32.ActiveCfg = Release|Win32
		{9EE0ADDB-144B-4E3E-BA47-4750214526E2}.Fast|Win32.ActiveCfg = Debug|Win32
		{9EE0ADDB-144B-4E3E-BA47-4750214526E2}.Fast|Win32.Build.0 = Debug|Win32
		{9EE0ADDB-144B-4E3E-BA47-4750214526E2}.Profile|Win32.ActiveCfg = Debug|Win32
		{9EE0ADDB-144B-4E3E-BA47-4750214526E2}.Profile|Win32.Build.0 = Debug|Win32
		{9EE0ADDB-144B-4E3E-BA47-4750214526E2}.Release|Win32.ActiveCfg = Release|Win32
		{9EE0ADDB-144B-4E3E-BA47-4750214526E2}.Release|Win32.Build.0 = Release|Win32
		{9EE0ADDB-144B-4E3E-BA47-4750214526E2}.survivor and storm debug|Win32.ActiveCfg = Debug|Win32
		{9EE0ADDB-144B-4E3E-BA47-4750214526E2}.survivor debug|Win32.ActiveCfg = Debug|Win32
		{9EE0ADDB-144B-4E3E-BA47-4750214526E2}.survivor debug|Win32.Build.0 = Debug|Win32
		{9EE0ADDB-144B-4E3E-BA47-4750214526E2}.survivor release|Win32.ActiveCfg = Release|Win32
		{9EE0ADDB-144B-4E3E-BA47-4750214526E2}.survivor release|Win32.Build.0 = Release|Win32
		{9EE0ADDB-144B-4E3E-BA47-4750214526E2}.survivor test|Win32.ActiveCfg = Debug|Win32
		{9EE0ADDB-144B-4E3E-BA47-4750214526E2}.Test|Win32.ActiveCfg = Debug|Win32
		{9EE0ADDB-144B-4E3E-BA47-4750214526E2}.Test|Win32.Build.0 = Debug|Win32
		{8E67D288-FEA9-4C6D-B095-0C6F3725404C}.Debug|Win32.ActiveCfg = Debug|Win32
		{8E67D288-FEA9-4C6D-B095-0C6F3725404C}.Debug|Win32.Build.0 = Debug|Win32
		{8E67D288-FEA9-4C6D-B095-0C6F3725404C}.editor and storm debug|Win32.ActiveCfg = Debug|Win32
		{8E67D288-FEA9-4C6D-B095-0C6F3725404C}.editor debug|Win32.ActiveCfg = Debug|Win32
		{8E67D288-FEA9-4C6D-B095-0C6F3725404C}.editor release|Win32.ActiveCfg = Release|Win32
		{8E67D288-FEA9-4C6D-B095-0C6F3725404C}.Fast|Win32.ActiveCfg = Debug|Win32
		{8E67D288-FEA9-4C6D-B095-0C6F3725404C}.Fast|Win32.Build.0 = Debug|Win32
		{8E67D288-FEA9-4C6D-B095-0C6F3725404C}.Profile|Win32.ActiveCfg = Debug|Win32
		{8E67D288-FEA9-4C6D-B095-0C6F3725404C}.Profile|Win32.Build.0 = Debug|Win32
		{8E67D288-FEA9-4C6D-B095-0C6F3725404C}.Release|Win32.ActiveCfg = Release|Win32
		{8E67D288-FEA9-4C6D-B095-0C6F3725404C}.Release|Win32.Build.0 = Release|Win32
		{8E67D288-FEA9-4C6D-B095-0C6F3725404C}.survivor and storm debug|Win32.ActiveCfg = Debug|Win32
		{8E67D288-FEA9-4C6D-B095-0C6F3725404C}.survivor debug|Win32.ActiveCfg = Release|Win32
		{8E67D288-FEA9-4C6D-B095-0C6F3725404C}.survivor release|Win32.ActiveCfg = Release|Win32
		{8E67D288-FEA9-4C6D-B095-0C6F3725404C}.survivor release|Win32.Build.0 = Release|Win32
		{8E67D288-FEA9-4C6D-B095-0C6F3725404C}.survivor test|Win32.ActiveCfg = Test|Win32
		{8E67D288-FEA9-4C6D-B095-0C6F3725404C}.Test|Win32.ActiveCfg = Test|Win32
		{8E67D288-FEA9-4C6D-B095-0C6F3725404C}.Test|Win32.Build.0 = Test|Win32
		{4C263DF5-39CC-4F01-9CC5-23F264196838}.Debug|Win32.ActiveCfg = Debug|Win32
		{4C263DF5-39CC-4F01-9CC5-23F264196838}.Debug|Win32.Build.0 = Debug|Win32
		{4C263DF5-39CC-4F01-9CC5-23F264196838}.editor and storm debug|Win32.ActiveCfg = Debug|Win32
		{4C263DF5-39CC-4F01-9CC5-23F264196838}.editor debug|Win32.ActiveCfg = Debug|Win32
		{4C263DF5-39CC-4F01-9CC5-23F264196838}.editor release|Win32.ActiveCfg = Release|Win32
		{4C263DF5-39CC-4F01-9CC5-23F264196838}.Fast|Win32.ActiveCfg = Release|Win32
		{4C263DF5-39CC-4F01-9CC5-23F264196838}.Fast|Win32.Build.0 = Release|Win32
		{4C263DF5-39CC-4F01-9CC5-23F264196838}.Profile|Win32.ActiveCfg = Release|Win32
		{4C263DF5-39CC-4F01-9CC5-23F264196838}.Profile|Win32.Build.0 = Release|Win32
		{4C263DF5-39CC-4F01-9CC5-23F264196838}.Release|Win32.ActiveCfg = Release|Win32
		{4C263DF5-39CC-4F01-9CC5-23F264196838}.Release|Win32.Build.0 = Release|Win32
		{4C263DF5-39CC-4F01-9CC5-23F264196838}.survivor and storm debug|Win32.ActiveCfg = Debug|Win32
		{4C263DF5-39CC-4F01-9CC5-23F264196838}.survivor and storm debug|Win32.Build.0 = Debug|Win32
		{4C263DF5-39CC-4F01-9CC5-23F264196838}.survivor debug|Win32.ActiveCfg = Release|Win32
		{4C263DF5-39CC-4F01-9CC5-23F264196838}.survivor release|Win32.ActiveCfg = Release|Win32
		{4C263DF5-39CC-4F01-9CC5-23F264196838}.survivor release|Win32.Build.0 = Release|Win32
		{4C263DF5-39CC-4F01-9CC5-23F264196838}.survivor test|Win32.ActiveCfg = Release|Win32
		{4C263DF5-39CC-4F01-9CC5-23F264196838}.survivor test|Win32.Build.0 = Release|Win32
		{4C263DF5-39CC-4F01-9CC5-23F264196838}.Test|Win32.ActiveCfg = Release|Win32
		{4C263DF5-39CC-4F01-9CC5-23F264196838}.Test|Win32.Build.0 = Release|Win32
		{E51E797B-E20E-476C-8206-7AA9CF270541}.Debug|Win32.ActiveCfg = Legacy debug|Win32
		{E51E797B-E20E-476C-8206-7AA9CF270541}.Debug|Win32.Build.0 = Legacy debug|Win32
		{E51E797B-E20E-476C-8206-7AA9CF270541}.editor and storm debug|Win32.ActiveCfg = Legacy debug|Win32
		{E51E797B-E20E-476C-8206-7AA9CF270541}.editor and storm debug|Win32.Build.0 = Legacy debug|Win32
		{E51E797B-E20E-476C-8206-7AA9CF270541}.editor debug|Win32.ActiveCfg = Legacy release|Win32
		{E51E797B-E20E-476C-8206-7AA9CF270541}.editor debug|Win32.Build.0 = Legacy release|Win32
		{E51E797B-E20E-476C-8206-7AA9CF270541}.editor release|Win32.ActiveCfg = Legacy release|Win32
		{E51E797B-E20E-476C-8206-7AA9CF270541}.editor release|Win32.Build.0 = Legacy release|Win32
		{E51E797B-E20E-476C-8206-7AA9CF270541}.Fast|Win32.ActiveCfg = Profile|Win32
		{E51E797B-E20E-476C-8206-7AA9CF270541}.Fast|Win32.Build.0 = Profile|Win32
		{E51E797B-E20E-476C-8206-7AA9CF270541}.Profile|Win32.ActiveCfg = Profile|Win32
		{E51E797B-E20E-476C-8206-7AA9CF270541}.Profile|Win32.Build.0 = Profile|Win32
		{E51E797B-E20E-476C-8206-7AA9CF270541}.Release|Win32.ActiveCfg = Legacy release|Win32
		{E51E797B-E20E-476C-8206-7AA9CF270541}.Release|Win32.Build.0 = Legacy release|Win32
		{E51E797B-E20E-476C-8206-7AA9CF270541}.survivor and storm debug|Win32.ActiveCfg = Legacy debug|Win32
		{E51E797B-E20E-476C-8206-7AA9CF270541}.survivor and storm debug|Win32.Build.0 = Legacy debug|Win32
		{E51E797B-E20E-476C-8206-7AA9CF270541}.survivor debug|Win32.ActiveCfg = Legacy release|Win32
		{E51E797B-E20E-476C-8206-7AA9CF270541}.survivor debug|Win32.Build.0 = Legacy release|Win32
		{E51E797B-E20E-476C-8206-7AA9CF270541}.survivor release|Win32.ActiveCfg = Legacy release|Win32
		{E51E797B-E20E-476C-8206-7AA9CF270541}.survivor release|Win32.Build.0 = Legacy release|Win32
		{E51E797B-E20E-476C-8206-7AA9CF270541}.survivor test|Win32.ActiveCfg = Legacy release|Win32
		{E51E797B-E20E-476C-8206-7AA9CF270541}.survivor test|Win32.Build.0 = Legacy release|Win32
		{E51E797B-E20E-476C-8206-7AA9CF270541}.Test|Win32.ActiveCfg = Profile|Win32
		{E51E797B-E20E-476C-8206-7AA9CF270541}.Test|Win32.Build.0 = Profile|Win32
		{5C78ED70-84DB-4568-AD42-A5142199F9F5}.Debug|Win32.ActiveCfg = Debug|Win32
		{5C78ED70-84DB-4568-AD42-A5142199F9F5}.Debug|Win32.Build.0 = Debug|Win32
		{5C78ED70-84DB-4568-AD42-A5142199F9F5}.editor and storm debug|Win32.ActiveCfg = Debug|Win32
		{5C78ED70-84DB-4568-AD42-A5142199F9F5}.editor debug|Win32.ActiveCfg = Debug|Win32
		{5C78ED70-84DB-4568-AD42-A5142199F9F5}.editor release|Win32.ActiveCfg = Release|Win32
		{5C78ED70-84DB-4568-AD42-A5142199F9F5}.Fast|Win32.ActiveCfg = Release|Win32
		{5C78ED70-84DB-4568-AD42-A5142199F9F5}.Fast|Win32.Build.0 = Release|Win32
		{5C78ED70-84DB-4568-AD42-A5142199F9F5}.Profile|Win32.ActiveCfg = Profile|Win32
		{5C78ED70-84DB-4568-AD42-A5142199F9F5}.Profile|Win32.Build.0 = Profile|Win32
		{5C78ED70-84DB-4568-AD42-A5142199F9F5}.Release|Win32.ActiveCfg = Release|Win32
		{5C78ED70-84DB-4568-AD42-A5142199F9F5}.Release|Win32.Build.0 = Release|Win32
		{5C78ED70-84DB-4568-AD42-A5142199F9F5}.survivor and storm debug|Win32.ActiveCfg = Debug|Win32
		{5C78ED70-84DB-4568-AD42-A5142199F9F5}.survivor and storm debug|Win32.Build.0 = Debug|Win32
		{5C78ED70-84DB-4568-AD42-A5142199F9F5}.survivor debug|Win32.ActiveCfg = Debug|Win32
		{5C78ED70-84DB-4568-AD42-A5142199F9F5}.survivor debug|Win32.Build.0 = Debug|Win32
		{5C78ED70-84DB-4568-AD42-A5142199F9F5}.survivor release|Win32.ActiveCfg = Release|Win32
		{5C78ED70-84DB-4568-AD42-A5142199F9F5}.survivor release|Win32.Build.0 = Release|Win32
		{5C78ED70-84DB-4568-AD42-A5142199F9F5}.survivor test|Win32.ActiveCfg = Test|Win32
		{5C78ED70-84DB-4568-AD42-A5142199F9F5}.survivor test|Win32.Build.0 = Test|Win32
		{5C78ED70-84DB-4568-AD42-A5142199F9F5}.Test|Win32.ActiveCfg = Test|Win32
		{5C78ED70-84DB-4568-AD42-A5142199F9F5}.Test|Win32.Build.0 = Test|Win32
		{1AF46AE6-AF6B-4F7B-BA1F-2D473A345F57}.Debug|Win32.ActiveCfg = Debug|Win32
		{1AF46AE6-AF6B-4F7B-BA1F-2D473A345F57}.Debug|Win32.Build.0 = Debug|Win32
		{1AF46AE6-AF6B-4F7B-BA1F-2D473A345F57}.editor and storm debug|Win32.ActiveCfg = Debug|Win32
		{1AF46AE6-AF6B-4F7B-BA1F-2D473A345F57}.editor debug|Win32.ActiveCfg = Debug|Win32
		{1AF46AE6-AF6B-4F7B-BA1F-2D473A345F57}.editor release|Win32.ActiveCfg = Release|Win32
		{1AF46AE6-AF6B-4F7B-BA1F-2D473A345F57}.Fast|Win32.ActiveCfg = Debug|Win32
		{1AF46AE6-AF6B-4F7B-BA1F-2D473A345F57}.Fast|Win32.Build.0 = Debug|Win32
		{1AF46AE6-AF6B-4F7B-BA1F-2D473A345F57}.Profile|Win32.ActiveCfg = Debug|Win32
		{1AF46AE6-AF6B-4F7B-BA1F-2D473A345F57}.Profile|Win32.Build.0 = Debug|Win32
		{1AF46AE6-AF6B-4F7B-BA1F-2D473A345F57}.Release|Win32.ActiveCfg = Release|Win32
		{1AF46AE6-AF6B-4F7B-BA1F-2D473A345F57}.Release|Win32.Build.0 = Release|Win32
		{1AF46AE6-AF6B-4F7B-BA1F-2D473A345F57}.survivor and storm debug|Win32.ActiveCfg = Debug|Win32
		{1AF46AE6-AF6B-4F7B-BA1F-2D473A345F57}.survivor debug|Win32.ActiveCfg = Release|Win32
		{1AF46AE6-AF6B-4F7B-BA1F-2D473A345F57}.survivor release|Win32.ActiveCfg = Release|Win32
		{1AF46AE6-AF6B-4F7B-BA1F-2D473A345F57}.survivor release|Win32.Build.0 = Release|Win32
		{1AF46AE6-AF6B-4F7B-BA1F-2D473A345F57}.survivor test|Win32.ActiveCfg = Debug|Win32
		{1AF46AE6-AF6B-4F7B-BA1F-2D473A345F57}.Test|Win32.ActiveCfg = Debug|Win32
		{1AF46AE6-AF6B-4F7B-BA1F-2D473A345F57}.Test|Win32.Build.0 = Debug|Win32
	EndGlobalSection
	GlobalSection(SolutionProperties) = preSolution
		HideSolutionNode = FALSE
	EndGlobalSection
EndGlobal
